{
  "name": "example",
  "version": "1.0.0",
  "lockfileVersion": 3,
  "requires": true,
  "packages": {
    "": {
      "name": "example",
      "version": "1.0.0",
      "license": "ISC",
      "dependencies": {
        "@monitor/taro-wechat-mini-sdk": "file:../../monitor-taro-wechat-mini-sdk-1.0.0.tgz",
        "femonitor-wx": "1.0.0"
      }
    },
    "node_modules/@monitor/taro-wechat-mini-sdk": {
      "version": "1.0.0",
      "resolved": "file:../../monitor-taro-wechat-mini-sdk-1.0.0.tgz",
      "integrity": "sha512-RgnI2uwal/q+Lvvg9/d0nowSU3yuhEjQn9lnEIa/o3G8bz6Mxaz8OWBkxThpFEp+MUrimPMrvuxKL7aTv4esMQ==",
      "license": "MIT",
      "dependencies": {
        "deepmerge": "^4.3.1",
        "events": "^3.3.0"
      },
      "engines": {
        "node": ">=12.0.0"
      },
      "peerDependencies": {
        "@tarojs/components": "^3.0.0",
        "@tarojs/taro": "^3.0.0"
      },
      "peerDependenciesMeta": {
        "@tarojs/components": {
          "optional": true
        },
        "@tarojs/taro": {
          "optional": true
        }
      }
    },
    "node_modules/deepmerge": {
      "version": "4.3.1",
      "resolved": "https://registry.npmmirror.com/deepmerge/-/deepmerge-4.3.1.tgz",
      "integrity": "sha512-3sUqbMEc77XqpdNO7FRyRog+eW3ph+GYCbj+rK+uYyRMuwsVy0rMiVtPn+QJlKFvWP/1PYpapqYn0Me2knFn+A==",
      "license": "MIT",
      "engines": {
        "node": ">=0.10.0"
      }
    },
    "node_modules/events": {
      "version": "3.3.0",
      "resolved": "https://registry.npmmirror.com/events/-/events-3.3.0.tgz",
      "integrity": "sha512-mQw+2fkQbALzQ7V0MY0IqdnXNOeTtP4r0lN9z7AAawCXgqea7bDii20AYrIBrFd/Hx0M2Ocz6S111CaFkUcb0Q==",
      "license": "MIT",
      "engines": {
        "node": ">=0.8.x"
      }
    },
    "node_modules/femonitor-wx": {
      "version": "1.0.0",
      "resolved": "https://registry.npmmirror.com/femonitor-wx/-/femonitor-wx-1.0.0.tgz",
      "integrity": "sha512-wK/BVlVhujxzjGasOCjZVnPWDWxP2WPfe6dUFkkfmnrllym4nCG5Gl3JJhxWn4bUN1AnQBDRjmolt4NpdqlY+w==",
      "license": "MIT",
      "dependencies": {
        "deepmerge": "^4.2.2",
        "events": "^3.3.0",
        "json-stringify-safe": "^5.0.1",
        "tslib": "^2.2.0"
      }
    },
    "node_modules/json-stringify-safe": {
      "version": "5.0.1",
      "resolved": "https://registry.npmmirror.com/json-stringify-safe/-/json-stringify-safe-5.0.1.tgz",
      "integrity": "sha512-ZClg6AaYvamvYEE82d3Iyd3vSSIjQ+odgjaTzRuO3s7toCdFKczob2i0zCh7JE8kWn17yvAWhUVxvqGwUalsRA==",
      "license": "ISC"
    },
    "node_modules/tslib": {
      "version": "2.8.1",
      "resolved": "https://registry.npmmirror.com/tslib/-/tslib-2.8.1.tgz",
      "integrity": "sha512-oJFu94HQb+KVduSUQL7wnpmqnfmLsOA/nAh6b6EH0wCEoK0/mPeXU6c3wKDV83MkOuHPRHtSXKKU99IBazS/2w==",
      "license": "0BSD"
    }
  }
}
